
Microsoft Visual Studio Solution File, Format Version 12.00
# Visual Studio Version 16
VisualStudioVersion = 16.0.29613.14
MinimumVisualStudioVersion = 10.0.40219.1
Project("{888888A0-9F3D-457C-B088-3A5042F75D52}") = "scraper", "scraper.pyproj", "{9278D20F-695D-4E18-BCBB-A7BC66F8DEE1}"
EndProject
Global
	GlobalSection(SolutionConfigurationPlatforms) = preSolution
		Debug|Any CPU = Debug|Any CPU
		Release|Any CPU = Release|Any CPU
	EndGlobalSection
	GlobalSection(ProjectConfigurationPlatforms) = postSolution
		{9278D20F-695D-4E18-BCBB-A7BC66F8DEE1}.Debug|Any CPU.ActiveCfg = Debug|Any CPU
		{9278D20F-695D-4E18-BCBB-A7BC66F8DEE1}.Release|Any CPU.ActiveCfg = Release|Any CPU
	EndGlobalSection
	GlobalSection(SolutionProperties) = preSolution
		HideSolutionNode = FALSE
	EndGlobalSection
	GlobalSection(ExtensibilityGlobals) = postSolution
		SolutionGuid = {04C8D560-3351-4695-AB31-536AE2EE0F22}
	EndGlobalSection
EndGlobal
